
Microsoft Visual Studio Solution File, Format Version 12.00
# Visual Studio Version 17
VisualStudioVersion = 17.4.33213.308
MinimumVisualStudioVersion = 10.0.40219.1
Project("{FAE04EC0-301F-11D3-BF4B-00C04F79EFBC}") = "Aula1205", "Aula1205\Aula1205.csproj", "{B2FA7D75-F77E-48F2-A25C-D3EC592C55EA}"
EndProject
Global
	GlobalSection(SolutionConfigurationPlatforms) = preSolution
		Debug|Any CPU = Debug|Any CPU
		Release|Any CPU = Release|Any CPU
	EndGlobalSection
	GlobalSection(ProjectConfigurationPlatforms) = postSolution
		{B2FA7D75-F77E-48F2-A25C-D3EC592C55EA}.Debug|Any CPU.ActiveCfg = Debug|Any CPU
		{B2FA7D75-F77E-48F2-A25C-D3EC592C55EA}.Debug|Any CPU.Build.0 = Debug|Any CPU
		{B2FA7D75-F77E-48F2-A25C-D3EC592C55EA}.Release|Any CPU.ActiveCfg = Release|Any CPU
		{B2FA7D75-F77E-48F2-A25C-D3EC592C55EA}.Release|Any CPU.Build.0 = Release|Any CPU
	EndGlobalSection
	GlobalSection(SolutionProperties) = preSolution
		HideSolutionNode = FALSE
	EndGlobalSection
	GlobalSection(ExtensibilityGlobals) = postSolution
		SolutionGuid = {F5D16981-6188-4660-8D23-1C0C03DE71C6}
	EndGlobalSection
EndGlobal
